Microsoft Visual Studio Solution File, Format Version 11.00
# Visual Studio 2008

Project("{BD3C6369-1A0E-520B-46F0-D75AD3CF937D}") = "Maze Creator", "Assembly-CSharp.csproj", "{955ABD40-A3A3-4D6A-039F-FB498ABE8FD9}"
EndProject
Global
	GlobalSection(SolutionConfigurationPlatforms) = preSolution
		Debug|Any CPU = Debug|Any CPU
		Release|Any CPU = Release|Any CPU
	EndGlobalSection
	GlobalSection(ProjectConfigurationPlatforms) = postSolution
		{955ABD40-A3A3-4D6A-039F-FB498ABE8FD9}.Debug|Any CPU.ActiveCfg = Debug|Any CPU
		{955ABD40-A3A3-4D6A-039F-FB498ABE8FD9}.Debug|Any CPU.Build.0 = Debug|Any CPU
		{955ABD40-A3A3-4D6A-039F-FB498ABE8FD9}.Release|Any CPU.ActiveCfg = Release|Any CPU
		{955ABD40-A3A3-4D6A-039F-FB498ABE8FD9}.Release|Any CPU.Build.0 = Release|Any CPU
	EndGlobalSection
	GlobalSection(SolutionProperties) = preSolution
		HideSolutionNode = FALSE
	EndGlobalSection
	GlobalSection(MonoDevelopProperties) = preSolution
		StartupItem = Assembly-CSharp.csproj
	EndGlobalSection
EndGlobal
